// !$*UTF8*$!
{
	archiveVersion = 1;
	classes = {
	};
	objectVersion = 46;
	objects = {

/* Begin PBXBuildFile section */
		9FA85CA31A55743500DB115F /* DateTimePickerView.m in Sources */ = {isa = PBXBuildFile; fileRef = 9FA85CA21A55743500DB115F /* DateTimePickerView.m */; };
		9FAC7D291A23082400CDE6ED /* UIKit.framework in Frameworks */ = {isa = PBXBuildFile; fileRef = 9FAC7D281A23082400CDE6ED /* UIKit.framework */; };
		9FAC7D2B1A23082400CDE6ED /* Foundation.framework in Frameworks */ = {isa = PBXBuildFile; fileRef = 9FAC7D2A1A23082400CDE6ED /* Foundation.framework */; };
		9FAC7D2D1A23082400CDE6ED /* CoreGraphics.framework in Frameworks */ = {isa = PBXBuildFile; fileRef = 9FAC7D2C1A23082400CDE6ED /* CoreGraphics.framework */; };
		9FAC7D331A23082400CDE6ED /* InfoPlist.strings in Resources */ = {isa = PBXBuildFile; fileRef = 9FAC7D311A23082400CDE6ED /* InfoPlist.strings */; };
		9FAC7D351A23082400CDE6ED /* main.m in Sources */ = {isa = PBXBuildFile; fileRef = 9FAC7D341A23082400CDE6ED /* main.m */; };
		9FAC7D391A23082400CDE6ED /* AppDelegate.m in Sources */ = {isa = PBXBuildFile; fileRef = 9FAC7D381A23082400CDE6ED /* AppDelegate.m */; };
		9FAC7D3C1A23082400CDE6ED /* ViewController.m in Sources */ = {isa = PBXBuildFile; fileRef = 9FAC7D3B1A23082400CDE6ED /* ViewController.m */; };
		9FAC7D3F1A23082400CDE6ED /* ViewController.xib in Resources */ = {isa = PBXBuildFile; fileRef = 9FAC7D3D1A23082400CDE6ED /* ViewController.xib */; };
/* End PBXBuildFile section */

/* Begin PBXFileReference section */
		9FA85CA11A55743500DB115F /* DateTimePickerView.h */ = {isa = PBXFileReference; fileEncoding = 4; lastKnownFileType = sourcecode.c.h; path = DateTimePickerView.h; sourceTree = "<group>"; };
		9FA85CA21A55743500DB115F /* DateTimePickerView.m */ = {isa = PBXFileReference; fileEncoding = 4; lastKnownFileType = sourcecode.c.objc; path = DateTimePickerView.m; sourceTree = "<group>"; };
		9FAC7D241A23082400CDE6ED /* DateTimePicker.app */ = {isa = PBXFileReference; explicitFileType = wrapper.application; includeInIndex = 0; path = DateTimePicker.app; sourceTree = BUILT_PRODUCTS_DIR; };
		9FAC7D281A23082400CDE6ED /* UIKit.framework */ = {isa = PBXFileReference; lastKnownFileType = wrapper.framework; name = UIKit.framework; path = System/Library/Frameworks/UIKit.framework; sourceTree = SDKROOT; };
		9FAC7D2A1A23082400CDE6ED /* Foundation.framework */ = {isa = PBXFileReference; lastKnownFileType = wrapper.framework; name = Foundation.framework; path = System/Library/Frameworks/Foundation.framework; sourceTree = SDKROOT; };
		9FAC7D2C1A23082400CDE6ED /* CoreGraphics.framework */ = {isa = PBXFileReference; lastKnownFileType = wrapper.framework; name = CoreGraphics.framework; path = System/Library/Frameworks/CoreGraphics.framework; sourceTree = SDKROOT; };
		9FAC7D301A23082400CDE6ED /* DateTimePicker-Info.plist */ = {isa = PBXFileReference; lastKnownFileType = text.plist.xml; path = "DateTimePicker-Info.plist"; sourceTree = "<group>"; };
		9FAC7D321A23082400CDE6ED /* en */ = {isa = PBXFileReference; lastKnownFileType = text.plist.strings; name = en; path = en.lproj/InfoPlist.strings; sourceTree = "<group>"; };
		9FAC7D341A23082400CDE6ED /* main.m */ = {isa = PBXFileReference; lastKnownFileType = sourcecode.c.objc; path = main.m; sourceTree = "<group>"; };
		9FAC7D361A23082400CDE6ED /* DateTimePicker-Prefix.pch */ = {isa = PBXFileReference; lastKnownFileType = sourcecode.c.h; path = "DateTimePicker-Prefix.pch"; sourceTree = "<group>"; };
		9FAC7D371A23082400CDE6ED /* AppDelegate.h */ = {isa = PBXFileReference; lastKnownFileType = sourcecode.c.h; path = AppDelegate.h; sourceTree = "<group>"; };
		9FAC7D381A23082400CDE6ED /* AppDelegate.m */ = {isa = PBXFileReference; lastKnownFileType = sourcecode.c.objc; path = AppDelegate.m; sourceTree = "<group>"; };
		9FAC7D3A1A23082400CDE6ED /* ViewController.h */ = {isa = PBXFileReference; lastKnownFileType = sourcecode.c.h; path = ViewController.h; sourceTree = "<group>"; };
		9FAC7D3B1A23082400CDE6ED /* ViewController.m */ = {isa = PBXFileReference; lastKnownFileType = sourcecode.c.objc; path = ViewController.m; sourceTree = "<group>"; };
		9FAC7D3E1A23082400CDE6ED /* en */ = {isa = PBXFileReference; lastKnownFileType = file.xib; name = en; path = en.lproj/ViewController.xib; sourceTree = "<group>"; };
/* End PBXFileReference section */

/* Begin PBXFrameworksBuildPhase section */
		9FAC7D211A23082400CDE6ED /* Frameworks */ = {
			isa = PBXFrameworksBuildPhase;
			buildActionMask = 2147483647;
			files = (
				9FAC7D291A23082400CDE6ED /* UIKit.framework in Frameworks */,
				9FAC7D2B1A23082400CDE6ED /* Foundation.framework in Frameworks */,
				9FAC7D2D1A23082400CDE6ED /* CoreGraphics.framework in Frameworks */,
			);
			runOnlyForDeploymentPostprocessing = 0;
		};
/* End PBXFrameworksBuildPhase section */

/* Begin PBXGroup section */
		9FAC7D191A23082400CDE6ED = {
			isa = PBXGroup;
			children = (
				9FA85CA11A55743500DB115F /* DateTimePickerView.h */,
				9FA85CA21A55743500DB115F /* DateTimePickerView.m */,
				9FAC7D2E1A23082400CDE6ED /* DateTimePicker */,
				9FAC7D271A23082400CDE6ED /* Frameworks */,
				9FAC7D251A23082400CDE6ED /* Products */,
			);
			sourceTree = "<group>";
		};
		9FAC7D251A23082400CDE6ED /* Products */ = {
			isa = PBXGroup;
			children = (
				9FAC7D241A23082400CDE6ED /* DateTimePicker.app */,
			);
			name = Products;
			sourceTree = "<group>";
		};
		9FAC7D271A23082400CDE6ED /* Frameworks */ = {
			isa = PBXGroup;
			children = (
				9FAC7D281A23082400CDE6ED /* UIKit.framework */,
				9FAC7D2A1A23082400CDE6ED /* Foundation.framework */,
				9FAC7D2C1A23082400CDE6ED /* CoreGraphics.framework */,
			);
			name = Frameworks;
			sourceTree = "<group>";
		};
		9FAC7D2E1A23082400CDE6ED /* DateTimePicker */ = {
			isa = PBXGroup;
			children = (
				9FAC7D371A23082400CDE6ED /* AppDelegate.h */,
				9FAC7D381A23082400CDE6ED /* AppDelegate.m */,
				9FAC7D3A1A23082400CDE6ED /* ViewController.h */,
				9FAC7D3B1A23082400CDE6ED /* ViewController.m */,
				9FAC7D3D1A23082400CDE6ED /* ViewController.xib */,
				9FAC7D2F1A23082400CDE6ED /* Supporting Files */,
			);
			path = DateTimePicker;
			sourceTree = "<group>";
		};
		9FAC7D2F1A23082400CDE6ED /* Supporting Files */ = {
			isa = PBXGroup;
			children = (
				9FAC7D301A23082400CDE6ED /* DateTimePicker-Info.plist */,
				9FAC7D311A23082400CDE6ED /* InfoPlist.strings */,
				9FAC7D341A23082400CDE6ED /* main.m */,
				9FAC7D361A23082400CDE6ED /* DateTimePicker-Prefix.pch */,
			);
			name = "Supporting Files";
			sourceTree = "<group>";
		};
/* End PBXGroup section */

/* Begin PBXNativeTarget section */
		9FAC7D231A23082400CDE6ED /* DateTimePicker */ = {
			isa = PBXNativeTarget;
			buildConfigurationList = 9FAC7D421A23082400CDE6ED /* Build configuration list for PBXNativeTarget "DateTimePicker" */;
			buildPhases = (
				9FAC7D201A23082400CDE6ED /* Sources */,
				9FAC7D211A23082400CDE6ED /* Frameworks */,
				9FAC7D221A23082400CDE6ED /* Resources */,
			);
			buildRules = (
			);
			dependencies = (
			);
			name = DateTimePicker;
			productName = DateTimePicker;
			productReference = 9FAC7D241A23082400CDE6ED /* DateTimePicker.app */;
			productType = "com.apple.product-type.application";
		};
/* End PBXNativeTarget section */

/* Begin PBXProject section */
		9FAC7D1B1A23082400CDE6ED /* Project object */ = {
			isa = PBXProject;
			attributes = {
				LastUpgradeCheck = 0440;
				ORGANIZATIONNAME = fengs;
			};
			buildConfigurationList = 9FAC7D1E1A23082400CDE6ED /* Build configuration list for PBXProject "DateTimePicker" */;
			compatibilityVersion = "Xcode 3.2";
			developmentRegion = English;
			hasScannedForEncodings = 0;
			knownRegions = (
				en,
			);
			mainGroup = 9FAC7D191A23082400CDE6ED;
			productRefGroup = 9FAC7D251A23082400CDE6ED /* Products */;
			projectDirPath = "";
			projectRoot = "";
			targets = (
				9FAC7D231A23082400CDE6ED /* DateTimePicker */,
			);
		};
/* End PBXProject section */

/* Begin PBXResourcesBuildPhase section */
		9FAC7D221A23082400CDE6ED /* Resources */ = {
			isa = PBXResourcesBuildPhase;
			buildActionMask = 2147483647;
			files = (
				9FAC7D331A23082400CDE6ED /* InfoPlist.strings in Resources */,
				9FAC7D3F1A23082400CDE6ED /* ViewController.xib in Resources */,
			);
			runOnlyForDeploymentPostprocessing = 0;
		};
/* End PBXResourcesBuildPhase section */

/* Begin PBXSourcesBuildPhase section */
		9FAC7D201A23082400CDE6ED /* Sources */ = {
			isa = PBXSourcesBuildPhase;
			buildActionMask = 2147483647;
			files = (
				9FAC7D351A23082400CDE6ED /* main.m in Sources */,
				9FAC7D391A23082400CDE6ED /* AppDelegate.m in Sources */,
				9FAC7D3C1A23082400CDE6ED /* ViewController.m in Sources */,
				9FA85CA31A55743500DB115F /* DateTimePickerView.m in Sources */,
			);
			runOnlyForDeploymentPostprocessing = 0;
		};
/* End PBXSourcesBuildPhase section */

/* Begin PBXVariantGroup section */
		9FAC7D311A23082400CDE6ED /* InfoPlist.strings */ = {
			isa = PBXVariantGroup;
			children = (
				9FAC7D321A23082400CDE6ED /* en */,
			);
			name = InfoPlist.strings;
			sourceTree = "<group>";
		};
		9FAC7D3D1A23082400CDE6ED /* ViewController.xib */ = {
			isa = PBXVariantGroup;
			children = (
				9FAC7D3E1A23082400CDE6ED /* en */,
			);
			name = ViewController.xib;
			sourceTree = "<group>";
		};
/* End PBXVariantGroup section */

/* Begin XCBuildConfiguration section */
		9FAC7D401A23082400CDE6ED /* Debug */ = {
			isa = XCBuildConfiguration;
			buildSettings = {
				ALWAYS_SEARCH_USER_PATHS = NO;
				ARCHS = "$(ARCHS_STANDARD_32_BIT)";
				CLANG_CXX_LANGUAGE_STANDARD = "gnu++0x";
				CLANG_WARN__DUPLICATE_METHOD_MATCH = YES;
				"CODE_SIGN_IDENTITY[sdk=iphoneos*]" = "iPhone Developer";
				COPY_PHASE_STRIP = NO;
				GCC_C_LANGUAGE_STANDARD = gnu99;
				GCC_DYNAMIC_NO_PIC = NO;
				GCC_OPTIMIZATION_LEVEL = 0;
				GCC_PREPROCESSOR_DEFINITIONS = (
					"DEBUG=1",
					"$(inherited)",
				);
				GCC_SYMBOLS_PRIVATE_EXTERN = NO;
				GCC_VERSION = com.apple.compilers.llvm.clang.1_0;
				GCC_WARN_ABOUT_RETURN_TYPE = YES;
				GCC_WARN_UNINITIALIZED_AUTOS = YES;
				GCC_WARN_UNUSED_VARIABLE = YES;
				IPHONEOS_DEPLOYMENT_TARGET = 5.1;
				SDKROOT = iphoneos;
			};
			name = Debug;
		};
		9FAC7D411A23082400CDE6ED /* Release */ = {
			isa = XCBuildConfiguration;
			buildSettings = {
				ALWAYS_SEARCH_USER_PATHS = NO;
				ARCHS = "$(ARCHS_STANDARD_32_BIT)";
				CLANG_CXX_LANGUAGE_STANDARD = "gnu++0x";
				CLANG_WARN__DUPLICATE_METHOD_MATCH = YES;
				"CODE_SIGN_IDENTITY[sdk=iphoneos*]" = "iPhone Developer";
				COPY_PHASE_STRIP = YES;
				GCC_C_LANGUAGE_STANDARD = gnu99;
				GCC_VERSION = com.apple.compilers.llvm.clang.1_0;
				GCC_WARN_ABOUT_RETURN_TYPE = YES;
				GCC_WARN_UNINITIALIZED_AUTOS = YES;
				GCC_WARN_UNUSED_VARIABLE = YES;
				IPHONEOS_DEPLOYMENT_TARGET = 5.1;
				OTHER_CFLAGS = "-DNS_BLOCK_ASSERTIONS=1";
				SDKROOT = iphoneos;
				VALIDATE_PRODUCT = YES;
			};
			name = Release;
		};
		9FAC7D431A23082400CDE6ED /* Debug */ = {
			isa = XCBuildConfiguration;
			buildSettings = {
				GCC_PRECOMPILE_PREFIX_HEADER = YES;
				GCC_PREFIX_HEADER = "DateTimePicker/DateTimePicker-Prefix.pch";
				INFOPLIST_FILE = "DateTimePicker/DateTimePicker-Info.plist";
				PRODUCT_NAME = "$(TARGET_NAME)";
				WRAPPER_EXTENSION = app;
			};
			name = Debug;
		};
		9FAC7D441A23082400CDE6ED /* Release */ = {
			isa = XCBuildConfiguration;
			buildSettings = {
				GCC_PRECOMPILE_PREFIX_HEADER = YES;
				GCC_PREFIX_HEADER = "DateTimePicker/DateTimePicker-Prefix.pch";
				INFOPLIST_FILE = "DateTimePicker/DateTimePicker-Info.plist";
				PRODUCT_NAME = "$(TARGET_NAME)";
				WRAPPER_EXTENSION = app;
			};
			name = Release;
		};
/* End XCBuildConfiguration section */

/* Begin XCConfigurationList section */
		9FAC7D1E1A23082400CDE6ED /* Build configuration list for PBXProject "DateTimePicker" */ = {
			isa = XCConfigurationList;
			buildConfigurations = (
				9FAC7D401A23082400CDE6ED /* Debug */,
				9FAC7D411A23082400CDE6ED /* Release */,
			);
			defaultConfigurationIsVisible = 0;
			defaultConfigurationName = Release;
		};
		9FAC7D421A23082400CDE6ED /* Build configuration list for PBXNativeTarget "DateTimePicker" */ = {
			isa = XCConfigurationList;
			buildConfigurations = (
				9FAC7D431A23082400CDE6ED /* Debug */,
				9FAC7D441A23082400CDE6ED /* Release */,
			);
			defaultConfigurationIsVisible = 0;
			defaultConfigurationName = Release;
		};
/* End XCConfigurationList section */
	};
	rootObject = 9FAC7D1B1A23082400CDE6ED /* Project object */;
}
